// !$*UTF8*$!
{
	archiveVersion = 1;
	classes = {
	};
	objectVersion = 56;
	objects = {

/* Begin PBXBuildFile section */
		A98B647F2B84521400910D7A /* RealityKitContent in Frameworks */ = {isa = PBXBuildFile; productRef = A98B647E2B84521400910D7A /* RealityKitContent */; };
		A98B64812B84521400910D7A /* BeaconApp.swift in Sources */ = {isa = PBXBuildFile; fileRef = A98B64802B84521400910D7A /* BeaconApp.swift */; };
		A98B64832B84521400910D7A /* ContentView.swift in Sources */ = {isa = PBXBuildFile; fileRef = A98B64822B84521400910D7A /* ContentView.swift */; };
		A98B64852B84521400910D7A /* ImmersiveView.swift in Sources */ = {isa = PBXBuildFile; fileRef = A98B64842B84521400910D7A /* ImmersiveView.swift */; };
		A98B64872B84521400910D7A /* ImageBasedLighting.skybox in Resources */ = {isa = PBXBuildFile; fileRef = A98B64862B84521400910D7A /* ImageBasedLighting.skybox */; };
		A98B64892B84521500910D7A /* Assets.xcassets in Resources */ = {isa = PBXBuildFile; fileRef = A98B64882B84521500910D7A /* Assets.xcassets */; };
		A98B648C2B84521500910D7A /* Preview Assets.xcassets in Resources */ = {isa = PBXBuildFile; fileRef = A98B648B2B84521500910D7A /* Preview Assets.xcassets */; };
		A98B64972B84521600910D7A /* BeaconTests.swift in Sources */ = {isa = PBXBuildFile; fileRef = A98B64962B84521600910D7A /* BeaconTests.swift */; };
/* End PBXBuildFile section */

/* Begin PBXContainerItemProxy section */
		A98B64932B84521600910D7A /* PBXContainerItemProxy */ = {
			isa = PBXContainerItemProxy;
			containerPortal = A98B64712B84521300910D7A /* Project object */;
			proxyType = 1;
			remoteGlobalIDString = A98B64782B84521300910D7A;
			remoteInfo = Beacon;
		};
/* End PBXContainerItemProxy section */

/* Begin PBXFileReference section */
		A98B64792B84521400910D7A /* Beacon.app */ = {isa = PBXFileReference; explicitFileType = wrapper.application; includeInIndex = 0; path = Beacon.app; sourceTree = BUILT_PRODUCTS_DIR; };
		A98B647D2B84521400910D7A /* RealityKitContent */ = {isa = PBXFileReference; lastKnownFileType = wrapper; path = RealityKitContent; sourceTree = "<group>"; };
		A98B64802B84521400910D7A /* BeaconApp.swift */ = {isa = PBXFileReference; lastKnownFileType = sourcecode.swift; path = BeaconApp.swift; sourceTree = "<group>"; };
		A98B64822B84521400910D7A /* ContentView.swift */ = {isa = PBXFileReference; lastKnownFileType = sourcecode.swift; path = ContentView.swift; sourceTree = "<group>"; };
		A98B64842B84521400910D7A /* ImmersiveView.swift */ = {isa = PBXFileReference; lastKnownFileType = sourcecode.swift; path = ImmersiveView.swift; sourceTree = "<group>"; };
		A98B64862B84521400910D7A /* ImageBasedLighting.skybox */ = {isa = PBXFileReference; lastKnownFileType = file.skybox; path = ImageBasedLighting.skybox; sourceTree = "<group>"; };
		A98B64882B84521500910D7A /* Assets.xcassets */ = {isa = PBXFileReference; lastKnownFileType = folder.assetcatalog; path = Assets.xcassets; sourceTree = "<group>"; };
		A98B648B2B84521500910D7A /* Preview Assets.xcassets */ = {isa = PBXFileReference; lastKnownFileType = folder.assetcatalog; path = "Preview Assets.xcassets"; sourceTree = "<group>"; };
		A98B648D2B84521500910D7A /* Info.plist */ = {isa = PBXFileReference; lastKnownFileType = text.plist.xml; path = Info.plist; sourceTree = "<group>"; };
		A98B64922B84521600910D7A /* BeaconTests.xctest */ = {isa = PBXFileReference; explicitFileType = wrapper.cfbundle; includeInIndex = 0; path = BeaconTests.xctest; sourceTree = BUILT_PRODUCTS_DIR; };
		A98B64962B84521600910D7A /* BeaconTests.swift */ = {isa = PBXFileReference; lastKnownFileType = sourcecode.swift; path = BeaconTests.swift; sourceTree = "<group>"; };
/* End PBXFileReference section */

/* Begin PBXFrameworksBuildPhase section */
		A98B64762B84521300910D7A /* Frameworks */ = {
			isa = PBXFrameworksBuildPhase;
			buildActionMask = 2147483647;
			files = (
				A98B647F2B84521400910D7A /* RealityKitContent in Frameworks */,
			);
			runOnlyForDeploymentPostprocessing = 0;
		};
		A98B648F2B84521600910D7A /* Frameworks */ = {
			isa = PBXFrameworksBuildPhase;
			buildActionMask = 2147483647;
			files = (
			);
			runOnlyForDeploymentPostprocessing = 0;
		};
/* End PBXFrameworksBuildPhase section */

/* Begin PBXGroup section */
		A98B64702B84521300910D7A = {
			isa = PBXGroup;
			children = (
				A98B647B2B84521400910D7A /* Beacon */,
				A98B647C2B84521400910D7A /* Packages */,
				A98B64952B84521600910D7A /* BeaconTests */,
				A98B647A2B84521400910D7A /* Products */,
			);
			sourceTree = "<group>";
		};
		A98B647A2B84521400910D7A /* Products */ = {
			isa = PBXGroup;
			children = (
				A98B64792B84521400910D7A /* Beacon.app */,
				A98B64922B84521600910D7A /* BeaconTests.xctest */,
			);
			name = Products;
			sourceTree = "<group>";
		};
		A98B647B2B84521400910D7A /* Beacon */ = {
			isa = PBXGroup;
			children = (
				A98B64802B84521400910D7A /* BeaconApp.swift */,
				A98B64822B84521400910D7A /* ContentView.swift */,
				A98B64842B84521400910D7A /* ImmersiveView.swift */,
				A98B64862B84521400910D7A /* ImageBasedLighting.skybox */,
				A98B64882B84521500910D7A /* Assets.xcassets */,
				A98B648D2B84521500910D7A /* Info.plist */,
				A98B648A2B84521500910D7A /* Preview Content */,
			);
			path = Beacon;
			sourceTree = "<group>";
		};
		A98B647C2B84521400910D7A /* Packages */ = {
			isa = PBXGroup;
			children = (
				A98B647D2B84521400910D7A /* RealityKitContent */,
			);
			path = Packages;
			sourceTree = "<group>";
		};
		A98B648A2B84521500910D7A /* Preview Content */ = {
			isa = PBXGroup;
			children = (
				A98B648B2B84521500910D7A /* Preview Assets.xcassets */,
			);
			path = "Preview Content";
			sourceTree = "<group>";
		};
		A98B64952B84521600910D7A /* BeaconTests */ = {
			isa = PBXGroup;
			children = (
				A98B64962B84521600910D7A /* BeaconTests.swift */,
			);
			path = BeaconTests;
			sourceTree = "<group>";
		};
/* End PBXGroup section */

/* Begin PBXNativeTarget section */
		A98B64782B84521300910D7A /* Beacon */ = {
			isa = PBXNativeTarget;
			buildConfigurationList = A98B649A2B84521600910D7A /* Build configuration list for PBXNativeTarget "Beacon" */;
			buildPhases = (
				A98B64752B84521300910D7A /* Sources */,
				A98B64762B84521300910D7A /* Frameworks */,
				A98B64772B84521300910D7A /* Resources */,
			);
			buildRules = (
			);
			dependencies = (
			);
			name = Beacon;
			packageProductDependencies = (
				A98B647E2B84521400910D7A /* RealityKitContent */,
			);
			productName = Beacon;
			productReference = A98B64792B84521400910D7A /* Beacon.app */;
			productType = "com.apple.product-type.application";
		};
		A98B64912B84521600910D7A /* BeaconTests */ = {
			isa = PBXNativeTarget;
			buildConfigurationList = A98B649D2B84521600910D7A /* Build configuration list for PBXNativeTarget "BeaconTests" */;
			buildPhases = (
				A98B648E2B84521600910D7A /* Sources */,
				A98B648F2B84521600910D7A /* Frameworks */,
				A98B64902B84521600910D7A /* Resources */,
			);
			buildRules = (
			);
			dependencies = (
				A98B64942B84521600910D7A /* PBXTargetDependency */,
			);
			name = BeaconTests;
			productName = BeaconTests;
			productReference = A98B64922B84521600910D7A /* BeaconTests.xctest */;
			productType = "com.apple.product-type.bundle.unit-test";
		};
/* End PBXNativeTarget section */

/* Begin PBXProject section */
		A98B64712B84521300910D7A /* Project object */ = {
			isa = PBXProject;
			attributes = {
				BuildIndependentTargetsInParallel = 1;
				LastSwiftUpdateCheck = 1520;
				LastUpgradeCheck = 1520;
				TargetAttributes = {
					A98B64782B84521300910D7A = {
						CreatedOnToolsVersion = 15.2;
					};
					A98B64912B84521600910D7A = {
						CreatedOnToolsVersion = 15.2;
						TestTargetID = A98B64782B84521300910D7A;
					};
				};
			};
			buildConfigurationList = A98B64742B84521300910D7A /* Build configuration list for PBXProject "Beacon" */;
			compatibilityVersion = "Xcode 14.0";
			developmentRegion = en;
			hasScannedForEncodings = 0;
			knownRegions = (
				en,
				Base,
			);
			mainGroup = A98B64702B84521300910D7A;
			productRefGroup = A98B647A2B84521400910D7A /* Products */;
			projectDirPath = "";
			projectRoot = "";
			targets = (
				A98B64782B84521300910D7A /* Beacon */,
				A98B64912B84521600910D7A /* BeaconTests */,
			);
		};
/* End PBXProject section */

/* Begin PBXResourcesBuildPhase section */
		A98B64772B84521300910D7A /* Resources */ = {
			isa = PBXResourcesBuildPhase;
			buildActionMask = 2147483647;
			files = (
				A98B64892B84521500910D7A /* Assets.xcassets in Resources */,
				A98B648C2B84521500910D7A /* Preview Assets.xcassets in Resources */,
				A98B64872B84521400910D7A /* ImageBasedLighting.skybox in Resources */,
			);
			runOnlyForDeploymentPostprocessing = 0;
		};
		A98B64902B84521600910D7A /* Resources */ = {
			isa = PBXResourcesBuildPhase;
			buildActionMask = 2147483647;
			files = (
			);
			runOnlyForDeploymentPostprocessing = 0;
		};
/* End PBXResourcesBuildPhase section */

/* Begin PBXSourcesBuildPhase section */
		A98B64752B84521300910D7A /* Sources */ = {
			isa = PBXSourcesBuildPhase;
			buildActionMask = 2147483647;
			files = (
				A98B64832B84521400910D7A /* ContentView.swift in Sources */,
				A98B64812B84521400910D7A /* BeaconApp.swift in Sources */,
				A98B64852B84521400910D7A /* ImmersiveView.swift in Sources */,
			);
			runOnlyForDeploymentPostprocessing = 0;
		};
		A98B648E2B84521600910D7A /* Sources */ = {
			isa = PBXSourcesBuildPhase;
			buildActionMask = 2147483647;
			files = (
				A98B64972B84521600910D7A /* BeaconTests.swift in Sources */,
			);
			runOnlyForDeploymentPostprocessing = 0;
		};
/* End PBXSourcesBuildPhase section */

/* Begin PBXTargetDependency section */
		A98B64942B84521600910D7A /* PBXTargetDependency */ = {
			isa = PBXTargetDependency;
			target = A98B64782B84521300910D7A /* Beacon */;
			targetProxy = A98B64932B84521600910D7A /* PBXContainerItemProxy */;
		};
/* End PBXTargetDependency section */

/* Begin XCBuildConfiguration section */
		A98B64982B84521600910D7A /* Debug */ = {
			isa = XCBuildConfiguration;
			buildSettings = {
				ALWAYS_SEARCH_USER_PATHS = NO;
				ASSETCATALOG_COMPILER_GENERATE_SWIFT_ASSET_SYMBOL_EXTENSIONS = YES;
				CLANG_ANALYZER_NONNULL = YES;
				CLANG_ANALYZER_NUMBER_OBJECT_CONVERSION = YES_AGGRESSIVE;
				CLANG_CXX_LANGUAGE_STANDARD = "gnu++20";
				CLANG_ENABLE_MODULES = YES;
				CLANG_ENABLE_OBJC_ARC = YES;
				CLANG_ENABLE_OBJC_WEAK = YES;
				CLANG_WARN_BLOCK_CAPTURE_AUTORELEASING = YES;
				CLANG_WARN_BOOL_CONVERSION = YES;
				CLANG_WARN_COMMA = YES;
				CLANG_WARN_CONSTANT_CONVERSION = YES;
				CLANG_WARN_DEPRECATED_OBJC_IMPLEMENTATIONS = YES;
				CLANG_WARN_DIRECT_OBJC_ISA_USAGE = YES_ERROR;
				CLANG_WARN_DOCUMENTATION_COMMENTS = YES;
				CLANG_WARN_EMPTY_BODY = YES;
				CLANG_WARN_ENUM_CONVERSION = YES;
				CLANG_WARN_INFINITE_RECURSION = YES;
				CLANG_WARN_INT_CONVERSION = YES;
				CLANG_WARN_NON_LITERAL_NULL_CONVERSION = YES;
				CLANG_WARN_OBJC_IMPLICIT_RETAIN_SELF = YES;
				CLANG_WARN_OBJC_LITERAL_CONVERSION = YES;
				CLANG_WARN_OBJC_ROOT_CLASS = YES_ERROR;
				CLANG_WARN_QUOTED_INCLUDE_IN_FRAMEWORK_HEADER = YES;
				CLANG_WARN_RANGE_LOOP_ANALYSIS = YES;
				CLANG_WARN_STRICT_PROTOTYPES = YES;
				CLANG_WARN_SUSPICIOUS_MOVE = YES;
				CLANG_WARN_UNGUARDED_AVAILABILITY = YES_AGGRESSIVE;
				CLANG_WARN_UNREACHABLE_CODE = YES;
				CLANG_WARN__DUPLICATE_METHOD_MATCH = YES;
				COPY_PHASE_STRIP = NO;
				DEBUG_INFORMATION_FORMAT = dwarf;
				ENABLE_STRICT_OBJC_MSGSEND = YES;
				ENABLE_TESTABILITY = YES;
				ENABLE_USER_SCRIPT_SANDBOXING = YES;
				GCC_C_LANGUAGE_STANDARD = gnu17;
				GCC_DYNAMIC_NO_PIC = NO;
				GCC_NO_COMMON_BLOCKS = YES;
				GCC_OPTIMIZATION_LEVEL = 0;
				GCC_PREPROCESSOR_DEFINITIONS = (
					"DEBUG=1",
					"$(inherited)",
				);
				GCC_WARN_64_TO_32_BIT_CONVERSION = YES;
				GCC_WARN_ABOUT_RETURN_TYPE = YES_ERROR;
				GCC_WARN_UNDECLARED_SELECTOR = YES;
				GCC_WARN_UNINITIALIZED_AUTOS = YES_AGGRESSIVE;
				GCC_WARN_UNUSED_FUNCTION = YES;
				GCC_WARN_UNUSED_VARIABLE = YES;
				LOCALIZATION_PREFERS_STRING_CATALOGS = YES;
				MTL_ENABLE_DEBUG_INFO = INCLUDE_SOURCE;
				MTL_FAST_MATH = YES;
				ONLY_ACTIVE_ARCH = YES;
				SDKROOT = xros;
				SWIFT_ACTIVE_COMPILATION_CONDITIONS = "DEBUG $(inherited)";
				SWIFT_OPTIMIZATION_LEVEL = "-Onone";
				XROS_DEPLOYMENT_TARGET = 1.0;
			};
			name = Debug;
		};
		A98B64992B84521600910D7A /* Release */ = {
			isa = XCBuildConfiguration;
			buildSettings = {
				ALWAYS_SEARCH_USER_PATHS = NO;
				ASSETCATALOG_COMPILER_GENERATE_SWIFT_ASSET_SYMBOL_EXTENSIONS = YES;
				CLANG_ANALYZER_NONNULL = YES;
				CLANG_ANALYZER_NUMBER_OBJECT_CONVERSION = YES_AGGRESSIVE;
				CLANG_CXX_LANGUAGE_STANDARD = "gnu++20";
				CLANG_ENABLE_MODULES = YES;
				CLANG_ENABLE_OBJC_ARC = YES;
				CLANG_ENABLE_OBJC_WEAK = YES;
				CLANG_WARN_BLOCK_CAPTURE_AUTORELEASING = YES;
				CLANG_WARN_BOOL_CONVERSION = YES;
				CLANG_WARN_COMMA = YES;
				CLANG_WARN_CONSTANT_CONVERSION = YES;
				CLANG_WARN_DEPRECATED_OBJC_IMPLEMENTATIONS = YES;
				CLANG_WARN_DIRECT_OBJC_ISA_USAGE = YES_ERROR;
				CLANG_WARN_DOCUMENTATION_COMMENTS = YES;
				CLANG_WARN_EMPTY_BODY = YES;
				CLANG_WARN_ENUM_CONVERSION = YES;
				CLANG_WARN_INFINITE_RECURSION = YES;
				CLANG_WARN_INT_CONVERSION = YES;
				CLANG_WARN_NON_LITERAL_NULL_CONVERSION = YES;
				CLANG_WARN_OBJC_IMPLICIT_RETAIN_SELF = YES;
				CLANG_WARN_OBJC_LITERAL_CONVERSION = YES;
				CLANG_WARN_OBJC_ROOT_CLASS = YES_ERROR;
				CLANG_WARN_QUOTED_INCLUDE_IN_FRAMEWORK_HEADER = YES;
				CLANG_WARN_RANGE_LOOP_ANALYSIS = YES;
				CLANG_WARN_STRICT_PROTOTYPES = YES;
				CLANG_WARN_SUSPICIOUS_MOVE = YES;
				CLANG_WARN_UNGUARDED_AVAILABILITY = YES_AGGRESSIVE;
				CLANG_WARN_UNREACHABLE_CODE = YES;
				CLANG_WARN__DUPLICATE_METHOD_MATCH = YES;
				COPY_PHASE_STRIP = NO;
				DEBUG_INFORMATION_FORMAT = "dwarf-with-dsym";
				ENABLE_NS_ASSERTIONS = NO;
				ENABLE_STRICT_OBJC_MSGSEND = YES;
				ENABLE_USER_SCRIPT_SANDBOXING = YES;
				GCC_C_LANGUAGE_STANDARD = gnu17;
				GCC_NO_COMMON_BLOCKS = YES;
				GCC_WARN_64_TO_32_BIT_CONVERSION = YES;
				GCC_WARN_ABOUT_RETURN_TYPE = YES_ERROR;
				GCC_WARN_UNDECLARED_SELECTOR = YES;
				GCC_WARN_UNINITIALIZED_AUTOS = YES_AGGRESSIVE;
				GCC_WARN_UNUSED_FUNCTION = YES;
				GCC_WARN_UNUSED_VARIABLE = YES;
				LOCALIZATION_PREFERS_STRING_CATALOGS = YES;
				MTL_ENABLE_DEBUG_INFO = NO;
				MTL_FAST_MATH = YES;
				SDKROOT = xros;
				SWIFT_COMPILATION_MODE = wholemodule;
				VALIDATE_PRODUCT = YES;
				XROS_DEPLOYMENT_TARGET = 1.0;
			};
			name = Release;
		};
		A98B649B2B84521600910D7A /* Debug */ = {
			isa = XCBuildConfiguration;
			buildSettings = {
				ASSETCATALOG_COMPILER_APPICON_NAME = AppIcon;
				ASSETCATALOG_COMPILER_GLOBAL_ACCENT_COLOR_NAME = AccentColor;
				CODE_SIGN_STYLE = Automatic;
				CURRENT_PROJECT_VERSION = 1;
				DEVELOPMENT_ASSET_PATHS = "\"Beacon/Preview Content\"";
				DEVELOPMENT_TEAM = X56KYZKM4Q;
				ENABLE_PREVIEWS = YES;
				GENERATE_INFOPLIST_FILE = YES;
				INFOPLIST_FILE = "$(TARGET_NAME)/Info.plist";
				LD_RUNPATH_SEARCH_PATHS = (
					"$(inherited)",
					"@executable_path/Frameworks",
				);
				MARKETING_VERSION = 1.0;
				PRODUCT_BUNDLE_IDENTIFIER = goldenratio.Beacon;
				PRODUCT_NAME = "$(TARGET_NAME)";
				SUPPORTED_PLATFORMS = "xros xrsimulator";
				SWIFT_EMIT_LOC_STRINGS = YES;
				SWIFT_VERSION = 5.0;
				TARGETED_DEVICE_FAMILY = "1,2,7";
			};
			name = Debug;
		};
		A98B649C2B84521600910D7A /* Release */ = {
			isa = XCBuildConfiguration;
			buildSettings = {
				ASSETCATALOG_COMPILER_APPICON_NAME = AppIcon;
				ASSETCATALOG_COMPILER_GLOBAL_ACCENT_COLOR_NAME = AccentColor;
				CODE_SIGN_STYLE = Automatic;
				CURRENT_PROJECT_VERSION = 1;
				DEVELOPMENT_ASSET_PATHS = "\"Beacon/Preview Content\"";
				DEVELOPMENT_TEAM = X56KYZKM4Q;
				ENABLE_PREVIEWS = YES;
				GENERATE_INFOPLIST_FILE = YES;
				INFOPLIST_FILE = "$(TARGET_NAME)/Info.plist";
				LD_RUNPATH_SEARCH_PATHS = (
					"$(inherited)",
					"@executable_path/Frameworks",
				);
				MARKETING_VERSION = 1.0;
				PRODUCT_BUNDLE_IDENTIFIER = goldenratio.Beacon;
				PRODUCT_NAME = "$(TARGET_NAME)";
				SUPPORTED_PLATFORMS = "xros xrsimulator";
				SWIFT_EMIT_LOC_STRINGS = YES;
				SWIFT_VERSION = 5.0;
				TARGETED_DEVICE_FAMILY = "1,2,7";
			};
			name = Release;
		};
		A98B649E2B84521600910D7A /* Debug */ = {
			isa = XCBuildConfiguration;
			buildSettings = {
				ALWAYS_EMBED_SWIFT_STANDARD_LIBRARIES = YES;
				BUNDLE_LOADER = "$(TEST_HOST)";
				CODE_SIGN_STYLE = Automatic;
				CURRENT_PROJECT_VERSION = 1;
				DEVELOPMENT_TEAM = X56KYZKM4Q;
				GENERATE_INFOPLIST_FILE = YES;
				MARKETING_VERSION = 1.0;
				PRODUCT_BUNDLE_IDENTIFIER = goldenratio.BeaconTests;
				PRODUCT_NAME = "$(TARGET_NAME)";
				SUPPORTED_PLATFORMS = "xros xrsimulator";
				SWIFT_EMIT_LOC_STRINGS = NO;
				SWIFT_VERSION = 5.0;
				TARGETED_DEVICE_FAMILY = "1,2,7";
				TEST_HOST = "$(BUILT_PRODUCTS_DIR)/Beacon.app/$(BUNDLE_EXECUTABLE_FOLDER_PATH)/Beacon";
				XROS_DEPLOYMENT_TARGET = 1.0;
			};
			name = Debug;
		};
		A98B649F2B84521600910D7A /* Release */ = {
			isa = XCBuildConfiguration;
			buildSettings = {
				ALWAYS_EMBED_SWIFT_STANDARD_LIBRARIES = YES;
				BUNDLE_LOADER = "$(TEST_HOST)";
				CODE_SIGN_STYLE = Automatic;
				CURRENT_PROJECT_VERSION = 1;
				DEVELOPMENT_TEAM = X56KYZKM4Q;
				GENERATE_INFOPLIST_FILE = YES;
				MARKETING_VERSION = 1.0;
				PRODUCT_BUNDLE_IDENTIFIER = goldenratio.BeaconTests;
				PRODUCT_NAME = "$(TARGET_NAME)";
				SUPPORTED_PLATFORMS = "xros xrsimulator";
				SWIFT_EMIT_LOC_STRINGS = NO;
				SWIFT_VERSION = 5.0;
				TARGETED_DEVICE_FAMILY = "1,2,7";
				TEST_HOST = "$(BUILT_PRODUCTS_DIR)/Beacon.app/$(BUNDLE_EXECUTABLE_FOLDER_PATH)/Beacon";
				XROS_DEPLOYMENT_TARGET = 1.0;
			};
			name = Release;
		};
/* End XCBuildConfiguration section */

/* Begin XCConfigurationList section */
		A98B64742B84521300910D7A /* Build configuration list for PBXProject "Beacon" */ = {
			isa = XCConfigurationList;
			buildConfigurations = (
				A98B64982B84521600910D7A /* Debug */,
				A98B64992B84521600910D7A /* Release */,
			);
			defaultConfigurationIsVisible = 0;
			defaultConfigurationName = Release;
		};
		A98B649A2B84521600910D7A /* Build configuration list for PBXNativeTarget "Beacon" */ = {
			isa = XCConfigurationList;
			buildConfigurations = (
				A98B649B2B84521600910D7A /* Debug */,
				A98B649C2B84521600910D7A /* Release */,
			);
			defaultConfigurationIsVisible = 0;
			defaultConfigurationName = Release;
		};
		A98B649D2B84521600910D7A /* Build configuration list for PBXNativeTarget "BeaconTests" */ = {
			isa = XCConfigurationList;
			buildConfigurations = (
				A98B649E2B84521600910D7A /* Debug */,
				A98B649F2B84521600910D7A /* Release */,
			);
			defaultConfigurationIsVisible = 0;
			defaultConfigurationName = Release;
		};
/* End XCConfigurationList section */

/* Begin XCSwiftPackageProductDependency section */
		A98B647E2B84521400910D7A /* RealityKitContent */ = {
			isa = XCSwiftPackageProductDependency;
			productName = RealityKitContent;
		};
/* End XCSwiftPackageProductDependency section */
	};
	rootObject = A98B64712B84521300910D7A /* Project object */;
}
